// !$*UTF8*$!
{
	archiveVersion = 1;
	classes = {
	};
	objectVersion = 56;
	objects = {

/* Begin PBXBuildFile section */
		BDC300012BB46DC900031D13 /* Home.swift in Sources */ = {isa = PBXBuildFile; fileRef = BDC300002BB46DC900031D13 /* Home.swift */; };
		BDC300042BB4F54400031D13 /* Information.swift in Sources */ = {isa = PBXBuildFile; fileRef = BDC300032BB4F54400031D13 /* Information.swift */; };
		BDC3000A2BB4F63000031D13 /* TipsAndResources.swift in Sources */ = {isa = PBXBuildFile; fileRef = BDC300092BB4F63000031D13 /* TipsAndResources.swift */; };
		BDC3000D2BB4F67900031D13 /* Community.swift in Sources */ = {isa = PBXBuildFile; fileRef = BDC3000C2BB4F67900031D13 /* Community.swift */; };
		BDC300102BB4F6AB00031D13 /* Settings.swift in Sources */ = {isa = PBXBuildFile; fileRef = BDC3000F2BB4F6AB00031D13 /* Settings.swift */; };
		BDC300142BB5827500031D13 /* News.swift in Sources */ = {isa = PBXBuildFile; fileRef = BDC300132BB5827500031D13 /* News.swift */; };
		BDC300172BB5833400031D13 /* NewsVM.swift in Sources */ = {isa = PBXBuildFile; fileRef = BDC300162BB5833400031D13 /* NewsVM.swift */; };
		BDC3001C2BB5839900031D13 /* NewsRT.swift in Sources */ = {isa = PBXBuildFile; fileRef = BDC3001B2BB5839900031D13 /* NewsRT.swift */; };
		BDC3001F2BB586A500031D13 /* API_Keys.swift in Sources */ = {isa = PBXBuildFile; fileRef = BDC3001E2BB586A500031D13 /* API_Keys.swift */; };
		BDC300232BB587CA00031D13 /* HTTPError.swift in Sources */ = {isa = PBXBuildFile; fileRef = BDC300222BB587CA00031D13 /* HTTPError.swift */; };
		BDC300262BB58A4600031D13 /* ArticleCard.swift in Sources */ = {isa = PBXBuildFile; fileRef = BDC300252BB58A4600031D13 /* ArticleCard.swift */; };
		BDC3FFF82BB328E600031D13 /* Welcome.swift in Sources */ = {isa = PBXBuildFile; fileRef = BDC3FFF72BB328E600031D13 /* Welcome.swift */; };
		BDC3FFFA2BB336D200031D13 /* AppInformation.swift in Sources */ = {isa = PBXBuildFile; fileRef = BDC3FFF92BB336D200031D13 /* AppInformation.swift */; };
		BDC3FFFE2BB45F9900031D13 /* SignInSignUp.swift in Sources */ = {isa = PBXBuildFile; fileRef = BDC3FFFD2BB45F9900031D13 /* SignInSignUp.swift */; };
		BDE47CB72BB30B2A00611130 /* DigitalizeAwareApp.swift in Sources */ = {isa = PBXBuildFile; fileRef = BDE47CB62BB30B2A00611130 /* DigitalizeAwareApp.swift */; };
		BDE47CB92BB30B2A00611130 /* AppView.swift in Sources */ = {isa = PBXBuildFile; fileRef = BDE47CB82BB30B2A00611130 /* AppView.swift */; };
		BDE47CBB2BB30B2C00611130 /* Assets.xcassets in Resources */ = {isa = PBXBuildFile; fileRef = BDE47CBA2BB30B2C00611130 /* Assets.xcassets */; };
		BDE47CBE2BB30B2C00611130 /* Preview Assets.xcassets in Resources */ = {isa = PBXBuildFile; fileRef = BDE47CBD2BB30B2C00611130 /* Preview Assets.xcassets */; };
		BDE47CC72BB3121900611130 /* SplashScreen.swift in Sources */ = {isa = PBXBuildFile; fileRef = BDE47CC62BB3121800611130 /* SplashScreen.swift */; };
/* End PBXBuildFile section */

/* Begin PBXFileReference section */
		BDC300002BB46DC900031D13 /* Home.swift */ = {isa = PBXFileReference; lastKnownFileType = sourcecode.swift; path = Home.swift; sourceTree = "<group>"; };
		BDC300032BB4F54400031D13 /* Information.swift */ = {isa = PBXFileReference; lastKnownFileType = sourcecode.swift; path = Information.swift; sourceTree = "<group>"; };
		BDC300092BB4F63000031D13 /* TipsAndResources.swift */ = {isa = PBXFileReference; lastKnownFileType = sourcecode.swift; path = TipsAndResources.swift; sourceTree = "<group>"; };
		BDC3000C2BB4F67900031D13 /* Community.swift */ = {isa = PBXFileReference; lastKnownFileType = sourcecode.swift; path = Community.swift; sourceTree = "<group>"; };
		BDC3000F2BB4F6AB00031D13 /* Settings.swift */ = {isa = PBXFileReference; lastKnownFileType = sourcecode.swift; path = Settings.swift; sourceTree = "<group>"; };
		BDC300132BB5827500031D13 /* News.swift */ = {isa = PBXFileReference; lastKnownFileType = sourcecode.swift; path = News.swift; sourceTree = "<group>"; };
		BDC300162BB5833400031D13 /* NewsVM.swift */ = {isa = PBXFileReference; lastKnownFileType = sourcecode.swift; path = NewsVM.swift; sourceTree = "<group>"; };
		BDC3001B2BB5839900031D13 /* NewsRT.swift */ = {isa = PBXFileReference; lastKnownFileType = sourcecode.swift; path = NewsRT.swift; sourceTree = "<group>"; };
		BDC3001E2BB586A500031D13 /* API_Keys.swift */ = {isa = PBXFileReference; lastKnownFileType = sourcecode.swift; path = API_Keys.swift; sourceTree = "<group>"; };
		BDC300222BB587CA00031D13 /* HTTPError.swift */ = {isa = PBXFileReference; lastKnownFileType = sourcecode.swift; path = HTTPError.swift; sourceTree = "<group>"; };
		BDC300252BB58A4600031D13 /* ArticleCard.swift */ = {isa = PBXFileReference; lastKnownFileType = sourcecode.swift; path = ArticleCard.swift; sourceTree = "<group>"; };
		BDC3FFF72BB328E600031D13 /* Welcome.swift */ = {isa = PBXFileReference; lastKnownFileType = sourcecode.swift; path = Welcome.swift; sourceTree = "<group>"; };
		BDC3FFF92BB336D200031D13 /* AppInformation.swift */ = {isa = PBXFileReference; lastKnownFileType = sourcecode.swift; path = AppInformation.swift; sourceTree = "<group>"; };
		BDC3FFFD2BB45F9900031D13 /* SignInSignUp.swift */ = {isa = PBXFileReference; lastKnownFileType = sourcecode.swift; path = SignInSignUp.swift; sourceTree = "<group>"; };
		BDE47CB32BB30B2A00611130 /* DigitalizeAware.app */ = {isa = PBXFileReference; explicitFileType = wrapper.application; includeInIndex = 0; path = DigitalizeAware.app; sourceTree = BUILT_PRODUCTS_DIR; };
		BDE47CB62BB30B2A00611130 /* DigitalizeAwareApp.swift */ = {isa = PBXFileReference; lastKnownFileType = sourcecode.swift; path = DigitalizeAwareApp.swift; sourceTree = "<group>"; };
		BDE47CB82BB30B2A00611130 /* AppView.swift */ = {isa = PBXFileReference; lastKnownFileType = sourcecode.swift; path = AppView.swift; sourceTree = "<group>"; };
		BDE47CBA2BB30B2C00611130 /* Assets.xcassets */ = {isa = PBXFileReference; lastKnownFileType = folder.assetcatalog; path = Assets.xcassets; sourceTree = "<group>"; };
		BDE47CBD2BB30B2C00611130 /* Preview Assets.xcassets */ = {isa = PBXFileReference; lastKnownFileType = folder.assetcatalog; path = "Preview Assets.xcassets"; sourceTree = "<group>"; };
		BDE47CC62BB3121800611130 /* SplashScreen.swift */ = {isa = PBXFileReference; lastKnownFileType = sourcecode.swift; path = SplashScreen.swift; sourceTree = "<group>"; };
/* End PBXFileReference section */

/* Begin PBXFrameworksBuildPhase section */
		BDE47CB02BB30B2A00611130 /* Frameworks */ = {
			isa = PBXFrameworksBuildPhase;
			buildActionMask = 2147483647;
			files = (
			);
			runOnlyForDeploymentPostprocessing = 0;
		};
/* End PBXFrameworksBuildPhase section */

/* Begin PBXGroup section */
		BDC300022BB4F52F00031D13 /* Information */ = {
			isa = PBXGroup;
			children = (
				BDC300242BB58A1700031D13 /* Card Views */,
				BDC300032BB4F54400031D13 /* Information.swift */,
			);
			path = Information;
			sourceTree = "<group>";
		};
		BDC300052BB4F5A800031D13 /* Main Screens */ = {
			isa = PBXGroup;
			children = (
				BDC3000E2BB4F69B00031D13 /* Settings */,
				BDC3000B2BB4F66800031D13 /* Community */,
				BDC300062BB4F5C000031D13 /* Tips & Resources */,
				BDC300022BB4F52F00031D13 /* Information */,
				BDC3FFFF2BB46DB400031D13 /* Home */,
			);
			path = "Main Screens";
			sourceTree = "<group>";
		};
		BDC300062BB4F5C000031D13 /* Tips & Resources */ = {
			isa = PBXGroup;
			children = (
				BDC300092BB4F63000031D13 /* TipsAndResources.swift */,
			);
			path = "Tips & Resources";
			sourceTree = "<group>";
		};
		BDC3000B2BB4F66800031D13 /* Community */ = {
			isa = PBXGroup;
			children = (
				BDC3000C2BB4F67900031D13 /* Community.swift */,
			);
			path = Community;
			sourceTree = "<group>";
		};
		BDC3000E2BB4F69B00031D13 /* Settings */ = {
			isa = PBXGroup;
			children = (
				BDC3000F2BB4F6AB00031D13 /* Settings.swift */,
			);
			path = Settings;
			sourceTree = "<group>";
		};
		BDC300112BB4FD6800031D13 /* App View */ = {
			isa = PBXGroup;
			children = (
				BDE47CB82BB30B2A00611130 /* AppView.swift */,
			);
			path = "App View";
			sourceTree = "<group>";
		};
		BDC300122BB5823C00031D13 /* Data Models */ = {
			isa = PBXGroup;
			children = (
				BDC300132BB5827500031D13 /* News.swift */,
			);
			path = "Data Models";
			sourceTree = "<group>";
		};
		BDC300152BB5830E00031D13 /* View Models */ = {
			isa = PBXGroup;
			children = (
				BDC3001D2BB5868E00031D13 /* API Keys */,
				BDC300192BB5834D00031D13 /* News VM */,
				BDC300182BB5833D00031D13 /* Repositorys */,
			);
			path = "View Models";
			sourceTree = "<group>";
		};
		BDC300182BB5833D00031D13 /* Repositorys */ = {
			isa = PBXGroup;
			children = (
				BDC3001A2BB5836C00031D13 /* News Repository */,
			);
			path = Repositorys;
			sourceTree = "<group>";
		};
		BDC300192BB5834D00031D13 /* News VM */ = {
			isa = PBXGroup;
			children = (
				BDC300162BB5833400031D13 /* NewsVM.swift */,
			);
			path = "News VM";
			sourceTree = "<group>";
		};
		BDC3001A2BB5836C00031D13 /* News Repository */ = {
			isa = PBXGroup;
			children = (
				BDC3001B2BB5839900031D13 /* NewsRT.swift */,
			);
			path = "News Repository";
			sourceTree = "<group>";
		};
		BDC3001D2BB5868E00031D13 /* API Keys */ = {
			isa = PBXGroup;
			children = (
				BDC3001E2BB586A500031D13 /* API_Keys.swift */,
			);
			path = "API Keys";
			sourceTree = "<group>";
		};
		BDC300202BB587A600031D13 /* Enums */ = {
			isa = PBXGroup;
			children = (
				BDC300212BB587AD00031D13 /* HTTP Error */,
			);
			path = Enums;
			sourceTree = "<group>";
		};
		BDC300212BB587AD00031D13 /* HTTP Error */ = {
			isa = PBXGroup;
			children = (
				BDC300222BB587CA00031D13 /* HTTPError.swift */,
			);
			path = "HTTP Error";
			sourceTree = "<group>";
		};
		BDC300242BB58A1700031D13 /* Card Views */ = {
			isa = PBXGroup;
			children = (
				BDC300252BB58A4600031D13 /* ArticleCard.swift */,
			);
			path = "Card Views";
			sourceTree = "<group>";
		};
		BDC3FFF62BB328D100031D13 /* WelcomeScreens */ = {
			isa = PBXGroup;
			children = (
				BDC3FFF72BB328E600031D13 /* Welcome.swift */,
				BDC3FFF92BB336D200031D13 /* AppInformation.swift */,
			);
			path = WelcomeScreens;
			sourceTree = "<group>";
		};
		BDC3FFFB2BB4568F00031D13 /* New Group */ = {
			isa = PBXGroup;
			children = (
				BDC3FFFC2BB456C500031D13 /* Sign In Sign Up */,
			);
			path = "New Group";
			sourceTree = "<group>";
		};
		BDC3FFFC2BB456C500031D13 /* Sign In Sign Up */ = {
			isa = PBXGroup;
			children = (
				BDC3FFFD2BB45F9900031D13 /* SignInSignUp.swift */,
			);
			path = "Sign In Sign Up";
			sourceTree = "<group>";
		};
		BDC3FFFF2BB46DB400031D13 /* Home */ = {
			isa = PBXGroup;
			children = (
				BDC300002BB46DC900031D13 /* Home.swift */,
			);
			path = Home;
			sourceTree = "<group>";
		};
		BDE47CAA2BB30B2A00611130 = {
			isa = PBXGroup;
			children = (
				BDE47CB52BB30B2A00611130 /* DigitalizeAware */,
				BDE47CB42BB30B2A00611130 /* Products */,
			);
			sourceTree = "<group>";
		};
		BDE47CB42BB30B2A00611130 /* Products */ = {
			isa = PBXGroup;
			children = (
				BDE47CB32BB30B2A00611130 /* DigitalizeAware.app */,
			);
			name = Products;
			sourceTree = "<group>";
		};
		BDE47CB52BB30B2A00611130 /* DigitalizeAware */ = {
			isa = PBXGroup;
			children = (
				BDC300202BB587A600031D13 /* Enums */,
				BDC300152BB5830E00031D13 /* View Models */,
				BDC300122BB5823C00031D13 /* Data Models */,
				BDE47CC42BB311F200611130 /* App Views */,
				BDE47CB62BB30B2A00611130 /* DigitalizeAwareApp.swift */,
				BDE47CBA2BB30B2C00611130 /* Assets.xcassets */,
				BDE47CBC2BB30B2C00611130 /* Preview Content */,
			);
			path = DigitalizeAware;
			sourceTree = "<group>";
		};
		BDE47CBC2BB30B2C00611130 /* Preview Content */ = {
			isa = PBXGroup;
			children = (
				BDE47CBD2BB30B2C00611130 /* Preview Assets.xcassets */,
			);
			path = "Preview Content";
			sourceTree = "<group>";
		};
		BDE47CC42BB311F200611130 /* App Views */ = {
			isa = PBXGroup;
			children = (
				BDC300112BB4FD6800031D13 /* App View */,
				BDC300052BB4F5A800031D13 /* Main Screens */,
				BDC3FFFB2BB4568F00031D13 /* New Group */,
				BDC3FFF62BB328D100031D13 /* WelcomeScreens */,
				BDE47CC52BB311FC00611130 /* SplashScreen */,
			);
			path = "App Views";
			sourceTree = "<group>";
		};
		BDE47CC52BB311FC00611130 /* SplashScreen */ = {
			isa = PBXGroup;
			children = (
				BDE47CC62BB3121800611130 /* SplashScreen.swift */,
			);
			path = SplashScreen;
			sourceTree = "<group>";
		};
/* End PBXGroup section */

/* Begin PBXNativeTarget section */
		BDE47CB22BB30B2A00611130 /* DigitalizeAware */ = {
			isa = PBXNativeTarget;
			buildConfigurationList = BDE47CC12BB30B2C00611130 /* Build configuration list for PBXNativeTarget "DigitalizeAware" */;
			buildPhases = (
				BDE47CAF2BB30B2A00611130 /* Sources */,
				BDE47CB02BB30B2A00611130 /* Frameworks */,
				BDE47CB12BB30B2A00611130 /* Resources */,
			);
			buildRules = (
			);
			dependencies = (
			);
			name = DigitalizeAware;
			productName = DigitalizeAware;
			productReference = BDE47CB32BB30B2A00611130 /* DigitalizeAware.app */;
			productType = "com.apple.product-type.application";
		};
/* End PBXNativeTarget section */

/* Begin PBXProject section */
		BDE47CAB2BB30B2A00611130 /* Project object */ = {
			isa = PBXProject;
			attributes = {
				BuildIndependentTargetsInParallel = 1;
				LastSwiftUpdateCheck = 1510;
				LastUpgradeCheck = 1510;
				TargetAttributes = {
					BDE47CB22BB30B2A00611130 = {
						CreatedOnToolsVersion = 15.1;
					};
				};
			};
			buildConfigurationList = BDE47CAE2BB30B2A00611130 /* Build configuration list for PBXProject "DigitalizeAware" */;
			compatibilityVersion = "Xcode 14.0";
			developmentRegion = en;
			hasScannedForEncodings = 0;
			knownRegions = (
				en,
				Base,
			);
			mainGroup = BDE47CAA2BB30B2A00611130;
			productRefGroup = BDE47CB42BB30B2A00611130 /* Products */;
			projectDirPath = "";
			projectRoot = "";
			targets = (
				BDE47CB22BB30B2A00611130 /* DigitalizeAware */,
			);
		};
/* End PBXProject section */

/* Begin PBXResourcesBuildPhase section */
		BDE47CB12BB30B2A00611130 /* Resources */ = {
			isa = PBXResourcesBuildPhase;
			buildActionMask = 2147483647;
			files = (
				BDE47CBE2BB30B2C00611130 /* Preview Assets.xcassets in Resources */,
				BDE47CBB2BB30B2C00611130 /* Assets.xcassets in Resources */,
			);
			runOnlyForDeploymentPostprocessing = 0;
		};
/* End PBXResourcesBuildPhase section */

/* Begin PBXSourcesBuildPhase section */
		BDE47CAF2BB30B2A00611130 /* Sources */ = {
			isa = PBXSourcesBuildPhase;
			buildActionMask = 2147483647;
			files = (
				BDC3FFF82BB328E600031D13 /* Welcome.swift in Sources */,
				BDC3FFFE2BB45F9900031D13 /* SignInSignUp.swift in Sources */,
				BDC300262BB58A4600031D13 /* ArticleCard.swift in Sources */,
				BDC300042BB4F54400031D13 /* Information.swift in Sources */,
				BDC3FFFA2BB336D200031D13 /* AppInformation.swift in Sources */,
				BDC300232BB587CA00031D13 /* HTTPError.swift in Sources */,
				BDC3001C2BB5839900031D13 /* NewsRT.swift in Sources */,
				BDC3001F2BB586A500031D13 /* API_Keys.swift in Sources */,
				BDE47CC72BB3121900611130 /* SplashScreen.swift in Sources */,
				BDC3000D2BB4F67900031D13 /* Community.swift in Sources */,
				BDC300172BB5833400031D13 /* NewsVM.swift in Sources */,
				BDC300142BB5827500031D13 /* News.swift in Sources */,
				BDE47CB92BB30B2A00611130 /* AppView.swift in Sources */,
				BDE47CB72BB30B2A00611130 /* DigitalizeAwareApp.swift in Sources */,
				BDC300012BB46DC900031D13 /* Home.swift in Sources */,
				BDC300102BB4F6AB00031D13 /* Settings.swift in Sources */,
				BDC3000A2BB4F63000031D13 /* TipsAndResources.swift in Sources */,
			);
			runOnlyForDeploymentPostprocessing = 0;
		};
/* End PBXSourcesBuildPhase section */

/* Begin XCBuildConfiguration section */
		BDE47CBF2BB30B2C00611130 /* Debug */ = {
			isa = XCBuildConfiguration;
			buildSettings = {
				ALWAYS_SEARCH_USER_PATHS = NO;
				ASSETCATALOG_COMPILER_GENERATE_SWIFT_ASSET_SYMBOL_EXTENSIONS = YES;
				CLANG_ANALYZER_NONNULL = YES;
				CLANG_ANALYZER_NUMBER_OBJECT_CONVERSION = YES_AGGRESSIVE;
				CLANG_CXX_LANGUAGE_STANDARD = "gnu++20";
				CLANG_ENABLE_MODULES = YES;
				CLANG_ENABLE_OBJC_ARC = YES;
				CLANG_ENABLE_OBJC_WEAK = YES;
				CLANG_WARN_BLOCK_CAPTURE_AUTORELEASING = YES;
				CLANG_WARN_BOOL_CONVERSION = YES;
				CLANG_WARN_COMMA = YES;
				CLANG_WARN_CONSTANT_CONVERSION = YES;
				CLANG_WARN_DEPRECATED_OBJC_IMPLEMENTATIONS = YES;
				CLANG_WARN_DIRECT_OBJC_ISA_USAGE = YES_ERROR;
				CLANG_WARN_DOCUMENTATION_COMMENTS = YES;
				CLANG_WARN_EMPTY_BODY = YES;
				CLANG_WARN_ENUM_CONVERSION = YES;
				CLANG_WARN_INFINITE_RECURSION = YES;
				CLANG_WARN_INT_CONVERSION = YES;
				CLANG_WARN_NON_LITERAL_NULL_CONVERSION = YES;
				CLANG_WARN_OBJC_IMPLICIT_RETAIN_SELF = YES;
				CLANG_WARN_OBJC_LITERAL_CONVERSION = YES;
				CLANG_WARN_OBJC_ROOT_CLASS = YES_ERROR;
				CLANG_WARN_QUOTED_INCLUDE_IN_FRAMEWORK_HEADER = YES;
				CLANG_WARN_RANGE_LOOP_ANALYSIS = YES;
				CLANG_WARN_STRICT_PROTOTYPES = YES;
				CLANG_WARN_SUSPICIOUS_MOVE = YES;
				CLANG_WARN_UNGUARDED_AVAILABILITY = YES_AGGRESSIVE;
				CLANG_WARN_UNREACHABLE_CODE = YES;
				CLANG_WARN__DUPLICATE_METHOD_MATCH = YES;
				COPY_PHASE_STRIP = NO;
				DEBUG_INFORMATION_FORMAT = dwarf;
				ENABLE_STRICT_OBJC_MSGSEND = YES;
				ENABLE_TESTABILITY = YES;
				ENABLE_USER_SCRIPT_SANDBOXING = YES;
				GCC_C_LANGUAGE_STANDARD = gnu17;
				GCC_DYNAMIC_NO_PIC = NO;
				GCC_NO_COMMON_BLOCKS = YES;
				GCC_OPTIMIZATION_LEVEL = 0;
				GCC_PREPROCESSOR_DEFINITIONS = (
					"DEBUG=1",
					"$(inherited)",
				);
				GCC_WARN_64_TO_32_BIT_CONVERSION = YES;
				GCC_WARN_ABOUT_RETURN_TYPE = YES_ERROR;
				GCC_WARN_UNDECLARED_SELECTOR = YES;
				GCC_WARN_UNINITIALIZED_AUTOS = YES_AGGRESSIVE;
				GCC_WARN_UNUSED_FUNCTION = YES;
				GCC_WARN_UNUSED_VARIABLE = YES;
				IPHONEOS_DEPLOYMENT_TARGET = 17.2;
				LOCALIZATION_PREFERS_STRING_CATALOGS = YES;
				MTL_ENABLE_DEBUG_INFO = INCLUDE_SOURCE;
				MTL_FAST_MATH = YES;
				ONLY_ACTIVE_ARCH = YES;
				SDKROOT = iphoneos;
				SWIFT_ACTIVE_COMPILATION_CONDITIONS = "DEBUG $(inherited)";
				SWIFT_OPTIMIZATION_LEVEL = "-Onone";
			};
			name = Debug;
		};
		BDE47CC02BB30B2C00611130 /* Release */ = {
			isa = XCBuildConfiguration;
			buildSettings = {
				ALWAYS_SEARCH_USER_PATHS = NO;
				ASSETCATALOG_COMPILER_GENERATE_SWIFT_ASSET_SYMBOL_EXTENSIONS = YES;
				CLANG_ANALYZER_NONNULL = YES;
				CLANG_ANALYZER_NUMBER_OBJECT_CONVERSION = YES_AGGRESSIVE;
				CLANG_CXX_LANGUAGE_STANDARD = "gnu++20";
				CLANG_ENABLE_MODULES = YES;
				CLANG_ENABLE_OBJC_ARC = YES;
				CLANG_ENABLE_OBJC_WEAK = YES;
				CLANG_WARN_BLOCK_CAPTURE_AUTORELEASING = YES;
				CLANG_WARN_BOOL_CONVERSION = YES;
				CLANG_WARN_COMMA = YES;
				CLANG_WARN_CONSTANT_CONVERSION = YES;
				CLANG_WARN_DEPRECATED_OBJC_IMPLEMENTATIONS = YES;
				CLANG_WARN_DIRECT_OBJC_ISA_USAGE = YES_ERROR;
				CLANG_WARN_DOCUMENTATION_COMMENTS = YES;
				CLANG_WARN_EMPTY_BODY = YES;
				CLANG_WARN_ENUM_CONVERSION = YES;
				CLANG_WARN_INFINITE_RECURSION = YES;
				CLANG_WARN_INT_CONVERSION = YES;
				CLANG_WARN_NON_LITERAL_NULL_CONVERSION = YES;
				CLANG_WARN_OBJC_IMPLICIT_RETAIN_SELF = YES;
				CLANG_WARN_OBJC_LITERAL_CONVERSION = YES;
				CLANG_WARN_OBJC_ROOT_CLASS = YES_ERROR;
				CLANG_WARN_QUOTED_INCLUDE_IN_FRAMEWORK_HEADER = YES;
				CLANG_WARN_RANGE_LOOP_ANALYSIS = YES;
				CLANG_WARN_STRICT_PROTOTYPES = YES;
				CLANG_WARN_SUSPICIOUS_MOVE = YES;
				CLANG_WARN_UNGUARDED_AVAILABILITY = YES_AGGRESSIVE;
				CLANG_WARN_UNREACHABLE_CODE = YES;
				CLANG_WARN__DUPLICATE_METHOD_MATCH = YES;
				COPY_PHASE_STRIP = NO;
				DEBUG_INFORMATION_FORMAT = "dwarf-with-dsym";
				ENABLE_NS_ASSERTIONS = NO;
				ENABLE_STRICT_OBJC_MSGSEND = YES;
				ENABLE_USER_SCRIPT_SANDBOXING = YES;
				GCC_C_LANGUAGE_STANDARD = gnu17;
				GCC_NO_COMMON_BLOCKS = YES;
				GCC_WARN_64_TO_32_BIT_CONVERSION = YES;
				GCC_WARN_ABOUT_RETURN_TYPE = YES_ERROR;
				GCC_WARN_UNDECLARED_SELECTOR = YES;
				GCC_WARN_UNINITIALIZED_AUTOS = YES_AGGRESSIVE;
				GCC_WARN_UNUSED_FUNCTION = YES;
				GCC_WARN_UNUSED_VARIABLE = YES;
				IPHONEOS_DEPLOYMENT_TARGET = 17.2;
				LOCALIZATION_PREFERS_STRING_CATALOGS = YES;
				MTL_ENABLE_DEBUG_INFO = NO;
				MTL_FAST_MATH = YES;
				SDKROOT = iphoneos;
				SWIFT_COMPILATION_MODE = wholemodule;
				VALIDATE_PRODUCT = YES;
			};
			name = Release;
		};
		BDE47CC22BB30B2C00611130 /* Debug */ = {
			isa = XCBuildConfiguration;
			buildSettings = {
				ASSETCATALOG_COMPILER_APPICON_NAME = AppIcon;
				ASSETCATALOG_COMPILER_GLOBAL_ACCENT_COLOR_NAME = AccentColor;
				CODE_SIGN_STYLE = Automatic;
				CURRENT_PROJECT_VERSION = 1;
				DEVELOPMENT_ASSET_PATHS = "\"DigitalizeAware/Preview Content\"";
				DEVELOPMENT_TEAM = N4YUQSSP87;
				ENABLE_PREVIEWS = YES;
				GENERATE_INFOPLIST_FILE = YES;
				INFOPLIST_KEY_UIApplicationSceneManifest_Generation = YES;
				INFOPLIST_KEY_UIApplicationSupportsIndirectInputEvents = YES;
				INFOPLIST_KEY_UILaunchScreen_Generation = YES;
				INFOPLIST_KEY_UISupportedInterfaceOrientations_iPad = "UIInterfaceOrientationPortrait UIInterfaceOrientationPortraitUpsideDown UIInterfaceOrientationLandscapeLeft UIInterfaceOrientationLandscapeRight";
				INFOPLIST_KEY_UISupportedInterfaceOrientations_iPhone = "UIInterfaceOrientationPortrait UIInterfaceOrientationLandscapeLeft UIInterfaceOrientationLandscapeRight";
				LD_RUNPATH_SEARCH_PATHS = (
					"$(inherited)",
					"@executable_path/Frameworks",
				);
				MARKETING_VERSION = 1.0;
				PRODUCT_BUNDLE_IDENTIFIER = com.BejiGFX.DigitalizeAware;
				PRODUCT_NAME = "$(TARGET_NAME)";
				SWIFT_EMIT_LOC_STRINGS = YES;
				SWIFT_VERSION = 5.0;
				TARGETED_DEVICE_FAMILY = "1,2";
			};
			name = Debug;
		};
		BDE47CC32BB30B2C00611130 /* Release */ = {
			isa = XCBuildConfiguration;
			buildSettings = {
				ASSETCATALOG_COMPILER_APPICON_NAME = AppIcon;
				ASSETCATALOG_COMPILER_GLOBAL_ACCENT_COLOR_NAME = AccentColor;
				CODE_SIGN_STYLE = Automatic;
				CURRENT_PROJECT_VERSION = 1;
				DEVELOPMENT_ASSET_PATHS = "\"DigitalizeAware/Preview Content\"";
				DEVELOPMENT_TEAM = N4YUQSSP87;
				ENABLE_PREVIEWS = YES;
				GENERATE_INFOPLIST_FILE = YES;
				INFOPLIST_KEY_UIApplicationSceneManifest_Generation = YES;
				INFOPLIST_KEY_UIApplicationSupportsIndirectInputEvents = YES;
				INFOPLIST_KEY_UILaunchScreen_Generation = YES;
				INFOPLIST_KEY_UISupportedInterfaceOrientations_iPad = "UIInterfaceOrientationPortrait UIInterfaceOrientationPortraitUpsideDown UIInterfaceOrientationLandscapeLeft UIInterfaceOrientationLandscapeRight";
				INFOPLIST_KEY_UISupportedInterfaceOrientations_iPhone = "UIInterfaceOrientationPortrait UIInterfaceOrientationLandscapeLeft UIInterfaceOrientationLandscapeRight";
				LD_RUNPATH_SEARCH_PATHS = (
					"$(inherited)",
					"@executable_path/Frameworks",
				);
				MARKETING_VERSION = 1.0;
				PRODUCT_BUNDLE_IDENTIFIER = com.BejiGFX.DigitalizeAware;
				PRODUCT_NAME = "$(TARGET_NAME)";
				SWIFT_EMIT_LOC_STRINGS = YES;
				SWIFT_VERSION = 5.0;
				TARGETED_DEVICE_FAMILY = "1,2";
			};
			name = Release;
		};
/* End XCBuildConfiguration section */

/* Begin XCConfigurationList section */
		BDE47CAE2BB30B2A00611130 /* Build configuration list for PBXProject "DigitalizeAware" */ = {
			isa = XCConfigurationList;
			buildConfigurations = (
				BDE47CBF2BB30B2C00611130 /* Debug */,
				BDE47CC02BB30B2C00611130 /* Release */,
			);
			defaultConfigurationIsVisible = 0;
			defaultConfigurationName = Release;
		};
		BDE47CC12BB30B2C00611130 /* Build configuration list for PBXNativeTarget "DigitalizeAware" */ = {
			isa = XCConfigurationList;
			buildConfigurations = (
				BDE47CC22BB30B2C00611130 /* Debug */,
				BDE47CC32BB30B2C00611130 /* Release */,
			);
			defaultConfigurationIsVisible = 0;
			defaultConfigurationName = Release;
		};
/* End XCConfigurationList section */
	};
	rootObject = BDE47CAB2BB30B2A00611130 /* Project object */;
}
